
Microsoft Visual Studio Solution File, Format Version 12.00
# Visual Studio 14
VisualStudioVersion = 14.0.25123.0
MinimumVisualStudioVersion = 10.0.40219.1
Project("{2150E333-8FDC-42A3-9474-1A3956D46DE8}") = "LV1", "LV1", "{3D8A673F-BCBE-4BA7-8F58-48FA4622AF31}"
EndProject
Project("{8BC9CEB8-8B4A-11D0-8D11-00A0C91BC942}") = "1_AboutMe", "LV1\1_AboutMe\1_AboutMe.vcxproj", "{79B078D6-12A3-4A31-936C-FB2FC4200250}"
EndProject
Project("{8BC9CEB8-8B4A-11D0-8D11-00A0C91BC942}") = "2_RectAU", "LV1\2_RectAU\2_RectAU.vcxproj", "{B16380AE-FFBD-41ED-8626-29A177CF6DE7}"
EndProject
Project("{8BC9CEB8-8B4A-11D0-8D11-00A0C91BC942}") = "3_SieveOfErastosthenes", "LV1\3_SieveOfErastosthenes\3_SieveOfErastosthenes.vcxproj", "{2009207F-3DE6-4AA1-B33A-33CEA2740B4D}"
EndProject
Project("{2150E333-8FDC-42A3-9474-1A3956D46DE8}") = "LV2", "LV2", "{E2D382E4-3400-4198-B31D-7DBC098F08E3}"
EndProject
Project("{8BC9CEB8-8B4A-11D0-8D11-00A0C91BC942}") = "1_Gehalt", "LV2\1_Gehalt\1_Gehalt.vcxproj", "{F0815934-52D1-4350-9B0F-9C190A2C9689}"
EndProject
Project("{8BC9CEB8-8B4A-11D0-8D11-00A0C91BC942}") = "4_RewriteProgramm", "LV2\4_RewriteProgramm\4_RewriteProgramm.vcxproj", "{04C6E9D1-CF22-49CE-891D-C0822AC2AC29}"
EndProject
Project("{8BC9CEB8-8B4A-11D0-8D11-00A0C91BC942}") = "2_BMI", "LV2\2_BMI\2_BMI.vcxproj", "{759FC80F-2DCA-4385-994D-B1E44576C0B1}"
EndProject
Project("{8BC9CEB8-8B4A-11D0-8D11-00A0C91BC942}") = "3_GQuadrant", "LV2\3_GQuadrant\3_GQuadrant.vcxproj", "{BEFF54D7-1BD0-4051-A028-82FC1CE9692C}"
EndProject
Project("{8BC9CEB8-8B4A-11D0-8D11-00A0C91BC942}") = "5_GPow", "LV2\5_GPow\5_GPow.vcxproj", "{BE96EFC3-A5BD-48AC-9579-DD37B0E0B2F8}"
EndProject
Project("{8BC9CEB8-8B4A-11D0-8D11-00A0C91BC942}") = "6_Quersumme", "LV2\6_Quersumme\6_Quersumme.vcxproj", "{8870C92D-E087-40B6-8057-BE26DFC03AC9}"
EndProject
Project("{8BC9CEB8-8B4A-11D0-8D11-00A0C91BC942}") = "7_Schleifen", "LV2\7_Schleifen\7_Schleifen.vcxproj", "{D106AC4C-BA6B-46D8-907A-A45A7D85D555}"
EndProject
Project("{2150E333-8FDC-42A3-9474-1A3956D46DE8}") = "LV3", "LV3", "{2D6310B1-A195-40AF-BD03-1B08DD408003}"
EndProject
Project("{8BC9CEB8-8B4A-11D0-8D11-00A0C91BC942}") = "1_Pyramide", "LV3\1_Pyramide\1_Pyramide.vcxproj", "{3FF932CA-BFCF-4957-87DC-9C8C6EB700A3}"
EndProject
Project("{8BC9CEB8-8B4A-11D0-8D11-00A0C91BC942}") = "2_Maths", "LV3\2_Maths\2_Maths.vcxproj", "{63D5497B-CD49-4D06-AC8E-132C8195CC67}"
EndProject
Project("{8BC9CEB8-8B4A-11D0-8D11-00A0C91BC942}") = "3_XChiffText", "LV3\3_XChiffText\3_XChiffText.vcxproj", "{4B20DA9F-545E-4168-91A2-78DA70C97AF6}"
EndProject
Project("{8BC9CEB8-8B4A-11D0-8D11-00A0C91BC942}") = "4_I2Hex", "LV3\4_I2Hex\4_I2Hex.vcxproj", "{06CCDE0A-BA46-4B91-A81E-EB77C367567A}"
EndProject
Project("{8BC9CEB8-8B4A-11D0-8D11-00A0C91BC942}") = "5_I2Bin", "LV3\5_I2Bin\5_I2Bin.vcxproj", "{9D01D2B6-EFE7-4D07-A2D3-9D9D76715663}"
EndProject
Project("{8BC9CEB8-8B4A-11D0-8D11-00A0C91BC942}") = "6_I2Roman", "LV3\6_I2Roman\6_I2Roman.vcxproj", "{137DD123-7D4B-439E-BB64-B74D3DCBB81C}"
EndProject
Project("{8BC9CEB8-8B4A-11D0-8D11-00A0C91BC942}") = "7_Duplicate", "LV3\7_Duplicate\7_Duplicate.vcxproj", "{D106FF7E-1AE8-4F05-8337-E28569BE55A2}"
EndProject
Project("{8BC9CEB8-8B4A-11D0-8D11-00A0C91BC942}") = "8_Lotto", "LV3\8_Lotto\8_Lotto.vcxproj", "{809FB2EB-84FE-43A2-8DC1-5F3C24839771}"
EndProject
Project("{2150E333-8FDC-42A3-9474-1A3956D46DE8}") = "LV4", "LV4", "{51F3F115-26C5-4303-BD00-2989D8591E1E}"
EndProject
Project("{8BC9CEB8-8B4A-11D0-8D11-00A0C91BC942}") = "1_MatrixOutput", "LV4\1_MatrixOutput\1_MatrixOutput.vcxproj", "{E69DF5D3-5FEB-4395-AA44-AB4F4E27F247}"
EndProject
Project("{8BC9CEB8-8B4A-11D0-8D11-00A0C91BC942}") = "3_Verdoppeln", "LV4\3_Verdoppeln\3_Verdoppeln.vcxproj", "{F999D040-3322-46C6-ABE5-17685B89302C}"
EndProject
Project("{8BC9CEB8-8B4A-11D0-8D11-00A0C91BC942}") = "2_MatrixCalc", "LV4\2_MatrixCalc\2_MatrixCalc.vcxproj", "{F195FD0E-8CC1-4CA9-9F1A-C05C1AC17A6C}"
EndProject
Project("{8BC9CEB8-8B4A-11D0-8D11-00A0C91BC942}") = "4_MyStrings", "LV4\4_MyStrings\4_MyStrings.vcxproj", "{81CAF206-7812-421D-B9C5-FEF09A49B507}"
EndProject
Project("{2150E333-8FDC-42A3-9474-1A3956D46DE8}") = "LV5", "LV5", "{451B8534-DE95-4D93-8C57-90E5531B35BA}"
EndProject
Project("{8BC9CEB8-8B4A-11D0-8D11-00A0C91BC942}") = "1_Minitest", "LV5\1_Minitest\1_Minitest.vcxproj", "{4D4126AA-DE6E-403D-928B-37F10DE95F62}"
EndProject
Project("{2150E333-8FDC-42A3-9474-1A3956D46DE8}") = "LV6", "LV6", "{1B224BFF-3D33-4DA1-A476-06CCEB4B9C05}"
EndProject
Project("{8BC9CEB8-8B4A-11D0-8D11-00A0C91BC942}") = "1_StringFunktionen", "LV6\1_StringFunktionen\1_StringFunktionen.vcxproj", "{5FF67B3A-EC0A-44FE-851A-515CC263ADD8}"
EndProject
Project("{2150E333-8FDC-42A3-9474-1A3956D46DE8}") = "LV7", "LV7", "{1DA11A5A-6FA2-4205-A898-F6304B81BB6D}"
EndProject
Project("{8BC9CEB8-8B4A-11D0-8D11-00A0C91BC942}") = "1_RandBin", "LV7\1_RandBin\1_RandBin.vcxproj", "{9E9BF26D-46AA-4D6A-AD3A-1173A3F38B34}"
EndProject
Project("{8BC9CEB8-8B4A-11D0-8D11-00A0C91BC942}") = "2_Vector", "LV7\2_Vector\2_Vector.vcxproj", "{37F29A7A-A8A6-426B-A157-4457183483B1}"
EndProject
Project("{8BC9CEB8-8B4A-11D0-8D11-00A0C91BC942}") = "3_ShuntingYard", "LV7\3_ShuntingYard\3_ShuntingYard.vcxproj", "{9B4BCDBD-449B-4BCD-8545-86460109E2A7}"
EndProject
Project("{2150E333-8FDC-42A3-9474-1A3956D46DE8}") = "LV8", "LV8", "{26F71B39-7F69-4A08-8FDD-422191186B35}"
EndProject
Project("{8BC9CEB8-8B4A-11D0-8D11-00A0C91BC942}") = "1_Files", "LV8\1_Files\1_Files.vcxproj", "{DE79CDEC-5E29-4169-9473-63D3FFE80AF8}"
EndProject
Project("{8BC9CEB8-8B4A-11D0-8D11-00A0C91BC942}") = "2_Stack", "LV8\2_Stack\2_Stack.vcxproj", "{F8B51E80-160F-4198-99E1-07712D70A8CC}"
EndProject
Project("{8BC9CEB8-8B4A-11D0-8D11-00A0C91BC942}") = "3_Recursion", "LV8\3_Recursion\3_Recursion.vcxproj", "{5BEF9247-8E3E-4A6D-A35D-43E3A0A5DF2D}"
EndProject
Global
	GlobalSection(SolutionConfigurationPlatforms) = preSolution
		Debug|x64 = Debug|x64
		Debug|x86 = Debug|x86
		Release|x64 = Release|x64
		Release|x86 = Release|x86
	EndGlobalSection
	GlobalSection(ProjectConfigurationPlatforms) = postSolution
		{79B078D6-12A3-4A31-936C-FB2FC4200250}.Debug|x64.ActiveCfg = Debug|x64
		{79B078D6-12A3-4A31-936C-FB2FC4200250}.Debug|x64.Build.0 = Debug|x64
		{79B078D6-12A3-4A31-936C-FB2FC4200250}.Debug|x86.ActiveCfg = Debug|Win32
		{79B078D6-12A3-4A31-936C-FB2FC4200250}.Debug|x86.Build.0 = Debug|Win32
		{79B078D6-12A3-4A31-936C-FB2FC4200250}.Release|x64.ActiveCfg = Release|x64
		{79B078D6-12A3-4A31-936C-FB2FC4200250}.Release|x64.Build.0 = Release|x64
		{79B078D6-12A3-4A31-936C-FB2FC4200250}.Release|x86.ActiveCfg = Release|Win32
		{79B078D6-12A3-4A31-936C-FB2FC4200250}.Release|x86.Build.0 = Release|Win32
		{B16380AE-FFBD-41ED-8626-29A177CF6DE7}.Debug|x64.ActiveCfg = Debug|x64
		{B16380AE-FFBD-41ED-8626-29A177CF6DE7}.Debug|x64.Build.0 = Debug|x64
		{B16380AE-FFBD-41ED-8626-29A177CF6DE7}.Debug|x86.ActiveCfg = Debug|Win32
		{B16380AE-FFBD-41ED-8626-29A177CF6DE7}.Debug|x86.Build.0 = Debug|Win32
		{B16380AE-FFBD-41ED-8626-29A177CF6DE7}.Release|x64.ActiveCfg = Release|x64
		{B16380AE-FFBD-41ED-8626-29A177CF6DE7}.Release|x64.Build.0 = Release|x64
		{B16380AE-FFBD-41ED-8626-29A177CF6DE7}.Release|x86.ActiveCfg = Release|Win32
		{B16380AE-FFBD-41ED-8626-29A177CF6DE7}.Release|x86.Build.0 = Release|Win32
		{2009207F-3DE6-4AA1-B33A-33CEA2740B4D}.Debug|x64.ActiveCfg = Debug|x64
		{2009207F-3DE6-4AA1-B33A-33CEA2740B4D}.Debug|x64.Build.0 = Debug|x64
		{2009207F-3DE6-4AA1-B33A-33CEA2740B4D}.Debug|x86.ActiveCfg = Debug|Win32
		{2009207F-3DE6-4AA1-B33A-33CEA2740B4D}.Debug|x86.Build.0 = Debug|Win32
		{2009207F-3DE6-4AA1-B33A-33CEA2740B4D}.Release|x64.ActiveCfg = Release|x64
		{2009207F-3DE6-4AA1-B33A-33CEA2740B4D}.Release|x64.Build.0 = Release|x64
		{2009207F-3DE6-4AA1-B33A-33CEA2740B4D}.Release|x86.ActiveCfg = Release|Win32
		{2009207F-3DE6-4AA1-B33A-33CEA2740B4D}.Release|x86.Build.0 = Release|Win32
		{F0815934-52D1-4350-9B0F-9C190A2C9689}.Debug|x64.ActiveCfg = Debug|x64
		{F0815934-52D1-4350-9B0F-9C190A2C9689}.Debug|x64.Build.0 = Debug|x64
		{F0815934-52D1-4350-9B0F-9C190A2C9689}.Debug|x86.ActiveCfg = Debug|Win32
		{F0815934-52D1-4350-9B0F-9C190A2C9689}.Debug|x86.Build.0 = Debug|Win32
		{F0815934-52D1-4350-9B0F-9C190A2C9689}.Release|x64.ActiveCfg = Release|x64
		{F0815934-52D1-4350-9B0F-9C190A2C9689}.Release|x64.Build.0 = Release|x64
		{F0815934-52D1-4350-9B0F-9C190A2C9689}.Release|x86.ActiveCfg = Release|Win32
		{F0815934-52D1-4350-9B0F-9C190A2C9689}.Release|x86.Build.0 = Release|Win32
		{04C6E9D1-CF22-49CE-891D-C0822AC2AC29}.Debug|x64.ActiveCfg = Debug|x64
		{04C6E9D1-CF22-49CE-891D-C0822AC2AC29}.Debug|x64.Build.0 = Debug|x64
		{04C6E9D1-CF22-49CE-891D-C0822AC2AC29}.Debug|x86.ActiveCfg = Debug|Win32
		{04C6E9D1-CF22-49CE-891D-C0822AC2AC29}.Debug|x86.Build.0 = Debug|Win32
		{04C6E9D1-CF22-49CE-891D-C0822AC2AC29}.Release|x64.ActiveCfg = Release|x64
		{04C6E9D1-CF22-49CE-891D-C0822AC2AC29}.Release|x64.Build.0 = Release|x64
		{04C6E9D1-CF22-49CE-891D-C0822AC2AC29}.Release|x86.ActiveCfg = Release|Win32
		{04C6E9D1-CF22-49CE-891D-C0822AC2AC29}.Release|x86.Build.0 = Release|Win32
		{759FC80F-2DCA-4385-994D-B1E44576C0B1}.Debug|x64.ActiveCfg = Debug|x64
		{759FC80F-2DCA-4385-994D-B1E44576C0B1}.Debug|x64.Build.0 = Debug|x64
		{759FC80F-2DCA-4385-994D-B1E44576C0B1}.Debug|x86.ActiveCfg = Debug|Win32
		{759FC80F-2DCA-4385-994D-B1E44576C0B1}.Debug|x86.Build.0 = Debug|Win32
		{759FC80F-2DCA-4385-994D-B1E44576C0B1}.Release|x64.ActiveCfg = Release|x64
		{759FC80F-2DCA-4385-994D-B1E44576C0B1}.Release|x64.Build.0 = Release|x64
		{759FC80F-2DCA-4385-994D-B1E44576C0B1}.Release|x86.ActiveCfg = Release|Win32
		{759FC80F-2DCA-4385-994D-B1E44576C0B1}.Release|x86.Build.0 = Release|Win32
		{BEFF54D7-1BD0-4051-A028-82FC1CE9692C}.Debug|x64.ActiveCfg = Debug|x64
		{BEFF54D7-1BD0-4051-A028-82FC1CE9692C}.Debug|x64.Build.0 = Debug|x64
		{BEFF54D7-1BD0-4051-A028-82FC1CE9692C}.Debug|x86.ActiveCfg = Debug|Win32
		{BEFF54D7-1BD0-4051-A028-82FC1CE9692C}.Debug|x86.Build.0 = Debug|Win32
		{BEFF54D7-1BD0-4051-A028-82FC1CE9692C}.Release|x64.ActiveCfg = Release|x64
		{BEFF54D7-1BD0-4051-A028-82FC1CE9692C}.Release|x64.Build.0 = Release|x64
		{BEFF54D7-1BD0-4051-A028-82FC1CE9692C}.Release|x86.ActiveCfg = Release|Win32
		{BEFF54D7-1BD0-4051-A028-82FC1CE9692C}.Release|x86.Build.0 = Release|Win32
		{BE96EFC3-A5BD-48AC-9579-DD37B0E0B2F8}.Debug|x64.ActiveCfg = Debug|x64
		{BE96EFC3-A5BD-48AC-9579-DD37B0E0B2F8}.Debug|x64.Build.0 = Debug|x64
		{BE96EFC3-A5BD-48AC-9579-DD37B0E0B2F8}.Debug|x86.ActiveCfg = Debug|Win32
		{BE96EFC3-A5BD-48AC-9579-DD37B0E0B2F8}.Debug|x86.Build.0 = Debug|Win32
		{BE96EFC3-A5BD-48AC-9579-DD37B0E0B2F8}.Release|x64.ActiveCfg = Release|x64
		{BE96EFC3-A5BD-48AC-9579-DD37B0E0B2F8}.Release|x64.Build.0 = Release|x64
		{BE96EFC3-A5BD-48AC-9579-DD37B0E0B2F8}.Release|x86.ActiveCfg = Release|Win32
		{BE96EFC3-A5BD-48AC-9579-DD37B0E0B2F8}.Release|x86.Build.0 = Release|Win32
		{8870C92D-E087-40B6-8057-BE26DFC03AC9}.Debug|x64.ActiveCfg = Debug|x64
		{8870C92D-E087-40B6-8057-BE26DFC03AC9}.Debug|x64.Build.0 = Debug|x64
		{8870C92D-E087-40B6-8057-BE26DFC03AC9}.Debug|x86.ActiveCfg = Debug|Win32
		{8870C92D-E087-40B6-8057-BE26DFC03AC9}.Debug|x86.Build.0 = Debug|Win32
		{8870C92D-E087-40B6-8057-BE26DFC03AC9}.Release|x64.ActiveCfg = Release|x64
		{8870C92D-E087-40B6-8057-BE26DFC03AC9}.Release|x64.Build.0 = Release|x64
		{8870C92D-E087-40B6-8057-BE26DFC03AC9}.Release|x86.ActiveCfg = Release|Win32
		{8870C92D-E087-40B6-8057-BE26DFC03AC9}.Release|x86.Build.0 = Release|Win32
		{D106AC4C-BA6B-46D8-907A-A45A7D85D555}.Debug|x64.ActiveCfg = Debug|x64
		{D106AC4C-BA6B-46D8-907A-A45A7D85D555}.Debug|x64.Build.0 = Debug|x64
		{D106AC4C-BA6B-46D8-907A-A45A7D85D555}.Debug|x86.ActiveCfg = Debug|Win32
		{D106AC4C-BA6B-46D8-907A-A45A7D85D555}.Debug|x86.Build.0 = Debug|Win32
		{D106AC4C-BA6B-46D8-907A-A45A7D85D555}.Release|x64.ActiveCfg = Release|x64
		{D106AC4C-BA6B-46D8-907A-A45A7D85D555}.Release|x64.Build.0 = Release|x64
		{D106AC4C-BA6B-46D8-907A-A45A7D85D555}.Release|x86.ActiveCfg = Release|Win32
		{D106AC4C-BA6B-46D8-907A-A45A7D85D555}.Release|x86.Build.0 = Release|Win32
		{3FF932CA-BFCF-4957-87DC-9C8C6EB700A3}.Debug|x64.ActiveCfg = Debug|x64
		{3FF932CA-BFCF-4957-87DC-9C8C6EB700A3}.Debug|x64.Build.0 = Debug|x64
		{3FF932CA-BFCF-4957-87DC-9C8C6EB700A3}.Debug|x86.ActiveCfg = Debug|Win32
		{3FF932CA-BFCF-4957-87DC-9C8C6EB700A3}.Debug|x86.Build.0 = Debug|Win32
		{3FF932CA-BFCF-4957-87DC-9C8C6EB700A3}.Release|x64.ActiveCfg = Release|x64
		{3FF932CA-BFCF-4957-87DC-9C8C6EB700A3}.Release|x64.Build.0 = Release|x64
		{3FF932CA-BFCF-4957-87DC-9C8C6EB700A3}.Release|x86.ActiveCfg = Release|Win32
		{3FF932CA-BFCF-4957-87DC-9C8C6EB700A3}.Release|x86.Build.0 = Release|Win32
		{63D5497B-CD49-4D06-AC8E-132C8195CC67}.Debug|x64.ActiveCfg = Debug|x64
		{63D5497B-CD49-4D06-AC8E-132C8195CC67}.Debug|x64.Build.0 = Debug|x64
		{63D5497B-CD49-4D06-AC8E-132C8195CC67}.Debug|x86.ActiveCfg = Debug|Win32
		{63D5497B-CD49-4D06-AC8E-132C8195CC67}.Debug|x86.Build.0 = Debug|Win32
		{63D5497B-CD49-4D06-AC8E-132C8195CC67}.Release|x64.ActiveCfg = Release|x64
		{63D5497B-CD49-4D06-AC8E-132C8195CC67}.Release|x64.Build.0 = Release|x64
		{63D5497B-CD49-4D06-AC8E-132C8195CC67}.Release|x86.ActiveCfg = Release|Win32
		{63D5497B-CD49-4D06-AC8E-132C8195CC67}.Release|x86.Build.0 = Release|Win32
		{4B20DA9F-545E-4168-91A2-78DA70C97AF6}.Debug|x64.ActiveCfg = Debug|x64
		{4B20DA9F-545E-4168-91A2-78DA70C97AF6}.Debug|x64.Build.0 = Debug|x64
		{4B20DA9F-545E-4168-91A2-78DA70C97AF6}.Debug|x86.ActiveCfg = Debug|Win32
		{4B20DA9F-545E-4168-91A2-78DA70C97AF6}.Debug|x86.Build.0 = Debug|Win32
		{4B20DA9F-545E-4168-91A2-78DA70C97AF6}.Release|x64.ActiveCfg = Release|x64
		{4B20DA9F-545E-4168-91A2-78DA70C97AF6}.Release|x64.Build.0 = Release|x64
		{4B20DA9F-545E-4168-91A2-78DA70C97AF6}.Release|x86.ActiveCfg = Release|Win32
		{4B20DA9F-545E-4168-91A2-78DA70C97AF6}.Release|x86.Build.0 = Release|Win32
		{06CCDE0A-BA46-4B91-A81E-EB77C367567A}.Debug|x64.ActiveCfg = Debug|x64
		{06CCDE0A-BA46-4B91-A81E-EB77C367567A}.Debug|x64.Build.0 = Debug|x64
		{06CCDE0A-BA46-4B91-A81E-EB77C367567A}.Debug|x86.ActiveCfg = Debug|Win32
		{06CCDE0A-BA46-4B91-A81E-EB77C367567A}.Debug|x86.Build.0 = Debug|Win32
		{06CCDE0A-BA46-4B91-A81E-EB77C367567A}.Release|x64.ActiveCfg = Release|x64
		{06CCDE0A-BA46-4B91-A81E-EB77C367567A}.Release|x64.Build.0 = Release|x64
		{06CCDE0A-BA46-4B91-A81E-EB77C367567A}.Release|x86.ActiveCfg = Release|Win32
		{06CCDE0A-BA46-4B91-A81E-EB77C367567A}.Release|x86.Build.0 = Release|Win32
		{9D01D2B6-EFE7-4D07-A2D3-9D9D76715663}.Debug|x64.ActiveCfg = Debug|x64
		{9D01D2B6-EFE7-4D07-A2D3-9D9D76715663}.Debug|x64.Build.0 = Debug|x64
		{9D01D2B6-EFE7-4D07-A2D3-9D9D76715663}.Debug|x86.ActiveCfg = Debug|Win32
		{9D01D2B6-EFE7-4D07-A2D3-9D9D76715663}.Debug|x86.Build.0 = Debug|Win32
		{9D01D2B6-EFE7-4D07-A2D3-9D9D76715663}.Release|x64.ActiveCfg = Release|x64
		{9D01D2B6-EFE7-4D07-A2D3-9D9D76715663}.Release|x64.Build.0 = Release|x64
		{9D01D2B6-EFE7-4D07-A2D3-9D9D76715663}.Release|x86.ActiveCfg = Release|Win32
		{9D01D2B6-EFE7-4D07-A2D3-9D9D76715663}.Release|x86.Build.0 = Release|Win32
		{137DD123-7D4B-439E-BB64-B74D3DCBB81C}.Debug|x64.ActiveCfg = Debug|x64
		{137DD123-7D4B-439E-BB64-B74D3DCBB81C}.Debug|x64.Build.0 = Debug|x64
		{137DD123-7D4B-439E-BB64-B74D3DCBB81C}.Debug|x86.ActiveCfg = Debug|Win32
		{137DD123-7D4B-439E-BB64-B74D3DCBB81C}.Debug|x86.Build.0 = Debug|Win32
		{137DD123-7D4B-439E-BB64-B74D3DCBB81C}.Release|x64.ActiveCfg = Release|x64
		{137DD123-7D4B-439E-BB64-B74D3DCBB81C}.Release|x64.Build.0 = Release|x64
		{137DD123-7D4B-439E-BB64-B74D3DCBB81C}.Release|x86.ActiveCfg = Release|Win32
		{137DD123-7D4B-439E-BB64-B74D3DCBB81C}.Release|x86.Build.0 = Release|Win32
		{D106FF7E-1AE8-4F05-8337-E28569BE55A2}.Debug|x64.ActiveCfg = Debug|x64
		{D106FF7E-1AE8-4F05-8337-E28569BE55A2}.Debug|x64.Build.0 = Debug|x64
		{D106FF7E-1AE8-4F05-8337-E28569BE55A2}.Debug|x86.ActiveCfg = Debug|Win32
		{D106FF7E-1AE8-4F05-8337-E28569BE55A2}.Debug|x86.Build.0 = Debug|Win32
		{D106FF7E-1AE8-4F05-8337-E28569BE55A2}.Release|x64.ActiveCfg = Release|x64
		{D106FF7E-1AE8-4F05-8337-E28569BE55A2}.Release|x64.Build.0 = Release|x64
		{D106FF7E-1AE8-4F05-8337-E28569BE55A2}.Release|x86.ActiveCfg = Release|Win32
		{D106FF7E-1AE8-4F05-8337-E28569BE55A2}.Release|x86.Build.0 = Release|Win32
		{809FB2EB-84FE-43A2-8DC1-5F3C24839771}.Debug|x64.ActiveCfg = Debug|x64
		{809FB2EB-84FE-43A2-8DC1-5F3C24839771}.Debug|x64.Build.0 = Debug|x64
		{809FB2EB-84FE-43A2-8DC1-5F3C24839771}.Debug|x86.ActiveCfg = Debug|Win32
		{809FB2EB-84FE-43A2-8DC1-5F3C24839771}.Debug|x86.Build.0 = Debug|Win32
		{809FB2EB-84FE-43A2-8DC1-5F3C24839771}.Release|x64.ActiveCfg = Release|x64
		{809FB2EB-84FE-43A2-8DC1-5F3C24839771}.Release|x64.Build.0 = Release|x64
		{809FB2EB-84FE-43A2-8DC1-5F3C24839771}.Release|x86.ActiveCfg = Release|Win32
		{809FB2EB-84FE-43A2-8DC1-5F3C24839771}.Release|x86.Build.0 = Release|Win32
		{E69DF5D3-5FEB-4395-AA44-AB4F4E27F247}.Debug|x64.ActiveCfg = Debug|x64
		{E69DF5D3-5FEB-4395-AA44-AB4F4E27F247}.Debug|x64.Build.0 = Debug|x64
		{E69DF5D3-5FEB-4395-AA44-AB4F4E27F247}.Debug|x86.ActiveCfg = Debug|Win32
		{E69DF5D3-5FEB-4395-AA44-AB4F4E27F247}.Debug|x86.Build.0 = Debug|Win32
		{E69DF5D3-5FEB-4395-AA44-AB4F4E27F247}.Release|x64.ActiveCfg = Release|x64
		{E69DF5D3-5FEB-4395-AA44-AB4F4E27F247}.Release|x64.Build.0 = Release|x64
		{E69DF5D3-5FEB-4395-AA44-AB4F4E27F247}.Release|x86.ActiveCfg = Release|Win32
		{E69DF5D3-5FEB-4395-AA44-AB4F4E27F247}.Release|x86.Build.0 = Release|Win32
		{F999D040-3322-46C6-ABE5-17685B89302C}.Debug|x64.ActiveCfg = Debug|x64
		{F999D040-3322-46C6-ABE5-17685B89302C}.Debug|x64.Build.0 = Debug|x64
		{F999D040-3322-46C6-ABE5-17685B89302C}.Debug|x86.ActiveCfg = Debug|Win32
		{F999D040-3322-46C6-ABE5-17685B89302C}.Debug|x86.Build.0 = Debug|Win32
		{F999D040-3322-46C6-ABE5-17685B89302C}.Release|x64.ActiveCfg = Release|x64
		{F999D040-3322-46C6-ABE5-17685B89302C}.Release|x64.Build.0 = Release|x64
		{F999D040-3322-46C6-ABE5-17685B89302C}.Release|x86.ActiveCfg = Release|Win32
		{F999D040-3322-46C6-ABE5-17685B89302C}.Release|x86.Build.0 = Release|Win32
		{F195FD0E-8CC1-4CA9-9F1A-C05C1AC17A6C}.Debug|x64.ActiveCfg = Debug|x64
		{F195FD0E-8CC1-4CA9-9F1A-C05C1AC17A6C}.Debug|x64.Build.0 = Debug|x64
		{F195FD0E-8CC1-4CA9-9F1A-C05C1AC17A6C}.Debug|x86.ActiveCfg = Debug|Win32
		{F195FD0E-8CC1-4CA9-9F1A-C05C1AC17A6C}.Debug|x86.Build.0 = Debug|Win32
		{F195FD0E-8CC1-4CA9-9F1A-C05C1AC17A6C}.Release|x64.ActiveCfg = Release|x64
		{F195FD0E-8CC1-4CA9-9F1A-C05C1AC17A6C}.Release|x64.Build.0 = Release|x64
		{F195FD0E-8CC1-4CA9-9F1A-C05C1AC17A6C}.Release|x86.ActiveCfg = Release|Win32
		{F195FD0E-8CC1-4CA9-9F1A-C05C1AC17A6C}.Release|x86.Build.0 = Release|Win32
		{81CAF206-7812-421D-B9C5-FEF09A49B507}.Debug|x64.ActiveCfg = Debug|x64
		{81CAF206-7812-421D-B9C5-FEF09A49B507}.Debug|x64.Build.0 = Debug|x64
		{81CAF206-7812-421D-B9C5-FEF09A49B507}.Debug|x86.ActiveCfg = Debug|Win32
		{81CAF206-7812-421D-B9C5-FEF09A49B507}.Debug|x86.Build.0 = Debug|Win32
		{81CAF206-7812-421D-B9C5-FEF09A49B507}.Release|x64.ActiveCfg = Release|x64
		{81CAF206-7812-421D-B9C5-FEF09A49B507}.Release|x64.Build.0 = Release|x64
		{81CAF206-7812-421D-B9C5-FEF09A49B507}.Release|x86.ActiveCfg = Release|Win32
		{81CAF206-7812-421D-B9C5-FEF09A49B507}.Release|x86.Build.0 = Release|Win32
		{4D4126AA-DE6E-403D-928B-37F10DE95F62}.Debug|x64.ActiveCfg = Debug|x64
		{4D4126AA-DE6E-403D-928B-37F10DE95F62}.Debug|x64.Build.0 = Debug|x64
		{4D4126AA-DE6E-403D-928B-37F10DE95F62}.Debug|x86.ActiveCfg = Debug|Win32
		{4D4126AA-DE6E-403D-928B-37F10DE95F62}.Debug|x86.Build.0 = Debug|Win32
		{4D4126AA-DE6E-403D-928B-37F10DE95F62}.Release|x64.ActiveCfg = Release|x64
		{4D4126AA-DE6E-403D-928B-37F10DE95F62}.Release|x64.Build.0 = Release|x64
		{4D4126AA-DE6E-403D-928B-37F10DE95F62}.Release|x86.ActiveCfg = Release|Win32
		{4D4126AA-DE6E-403D-928B-37F10DE95F62}.Release|x86.Build.0 = Release|Win32
		{5FF67B3A-EC0A-44FE-851A-515CC263ADD8}.Debug|x64.ActiveCfg = Debug|x64
		{5FF67B3A-EC0A-44FE-851A-515CC263ADD8}.Debug|x64.Build.0 = Debug|x64
		{5FF67B3A-EC0A-44FE-851A-515CC263ADD8}.Debug|x86.ActiveCfg = Debug|Win32
		{5FF67B3A-EC0A-44FE-851A-515CC263ADD8}.Debug|x86.Build.0 = Debug|Win32
		{5FF67B3A-EC0A-44FE-851A-515CC263ADD8}.Release|x64.ActiveCfg = Release|x64
		{5FF67B3A-EC0A-44FE-851A-515CC263ADD8}.Release|x64.Build.0 = Release|x64
		{5FF67B3A-EC0A-44FE-851A-515CC263ADD8}.Release|x86.ActiveCfg = Release|Win32
		{5FF67B3A-EC0A-44FE-851A-515CC263ADD8}.Release|x86.Build.0 = Release|Win32
		{9E9BF26D-46AA-4D6A-AD3A-1173A3F38B34}.Debug|x64.ActiveCfg = Debug|x64
		{9E9BF26D-46AA-4D6A-AD3A-1173A3F38B34}.Debug|x64.Build.0 = Debug|x64
		{9E9BF26D-46AA-4D6A-AD3A-1173A3F38B34}.Debug|x86.ActiveCfg = Debug|Win32
		{9E9BF26D-46AA-4D6A-AD3A-1173A3F38B34}.Debug|x86.Build.0 = Debug|Win32
		{9E9BF26D-46AA-4D6A-AD3A-1173A3F38B34}.Release|x64.ActiveCfg = Release|x64
		{9E9BF26D-46AA-4D6A-AD3A-1173A3F38B34}.Release|x64.Build.0 = Release|x64
		{9E9BF26D-46AA-4D6A-AD3A-1173A3F38B34}.Release|x86.ActiveCfg = Release|Win32
		{9E9BF26D-46AA-4D6A-AD3A-1173A3F38B34}.Release|x86.Build.0 = Release|Win32
		{37F29A7A-A8A6-426B-A157-4457183483B1}.Debug|x64.ActiveCfg = Debug|x64
		{37F29A7A-A8A6-426B-A157-4457183483B1}.Debug|x64.Build.0 = Debug|x64
		{37F29A7A-A8A6-426B-A157-4457183483B1}.Debug|x86.ActiveCfg = Debug|Win32
		{37F29A7A-A8A6-426B-A157-4457183483B1}.Debug|x86.Build.0 = Debug|Win32
		{37F29A7A-A8A6-426B-A157-4457183483B1}.Release|x64.ActiveCfg = Release|x64
		{37F29A7A-A8A6-426B-A157-4457183483B1}.Release|x64.Build.0 = Release|x64
		{37F29A7A-A8A6-426B-A157-4457183483B1}.Release|x86.ActiveCfg = Release|Win32
		{37F29A7A-A8A6-426B-A157-4457183483B1}.Release|x86.Build.0 = Release|Win32
		{9B4BCDBD-449B-4BCD-8545-86460109E2A7}.Debug|x64.ActiveCfg = Debug|x64
		{9B4BCDBD-449B-4BCD-8545-86460109E2A7}.Debug|x64.Build.0 = Debug|x64
		{9B4BCDBD-449B-4BCD-8545-86460109E2A7}.Debug|x86.ActiveCfg = Debug|Win32
		{9B4BCDBD-449B-4BCD-8545-86460109E2A7}.Debug|x86.Build.0 = Debug|Win32
		{9B4BCDBD-449B-4BCD-8545-86460109E2A7}.Release|x64.ActiveCfg = Release|x64
		{9B4BCDBD-449B-4BCD-8545-86460109E2A7}.Release|x64.Build.0 = Release|x64
		{9B4BCDBD-449B-4BCD-8545-86460109E2A7}.Release|x86.ActiveCfg = Release|Win32
		{9B4BCDBD-449B-4BCD-8545-86460109E2A7}.Release|x86.Build.0 = Release|Win32
		{DE79CDEC-5E29-4169-9473-63D3FFE80AF8}.Debug|x64.ActiveCfg = Debug|x64
		{DE79CDEC-5E29-4169-9473-63D3FFE80AF8}.Debug|x64.Build.0 = Debug|x64
		{DE79CDEC-5E29-4169-9473-63D3FFE80AF8}.Debug|x86.ActiveCfg = Debug|Win32
		{DE79CDEC-5E29-4169-9473-63D3FFE80AF8}.Debug|x86.Build.0 = Debug|Win32
		{DE79CDEC-5E29-4169-9473-63D3FFE80AF8}.Release|x64.ActiveCfg = Release|x64
		{DE79CDEC-5E29-4169-9473-63D3FFE80AF8}.Release|x64.Build.0 = Release|x64
		{DE79CDEC-5E29-4169-9473-63D3FFE80AF8}.Release|x86.ActiveCfg = Release|Win32
		{DE79CDEC-5E29-4169-9473-63D3FFE80AF8}.Release|x86.Build.0 = Release|Win32
		{F8B51E80-160F-4198-99E1-07712D70A8CC}.Debug|x64.ActiveCfg = Debug|x64
		{F8B51E80-160F-4198-99E1-07712D70A8CC}.Debug|x64.Build.0 = Debug|x64
		{F8B51E80-160F-4198-99E1-07712D70A8CC}.Debug|x86.ActiveCfg = Debug|Win32
		{F8B51E80-160F-4198-99E1-07712D70A8CC}.Debug|x86.Build.0 = Debug|Win32
		{F8B51E80-160F-4198-99E1-07712D70A8CC}.Release|x64.ActiveCfg = Release|x64
		{F8B51E80-160F-4198-99E1-07712D70A8CC}.Release|x64.Build.0 = Release|x64
		{F8B51E80-160F-4198-99E1-07712D70A8CC}.Release|x86.ActiveCfg = Release|Win32
		{F8B51E80-160F-4198-99E1-07712D70A8CC}.Release|x86.Build.0 = Release|Win32
		{5BEF9247-8E3E-4A6D-A35D-43E3A0A5DF2D}.Debug|x64.ActiveCfg = Debug|x64
		{5BEF9247-8E3E-4A6D-A35D-43E3A0A5DF2D}.Debug|x64.Build.0 = Debug|x64
		{5BEF9247-8E3E-4A6D-A35D-43E3A0A5DF2D}.Debug|x86.ActiveCfg = Debug|Win32
		{5BEF9247-8E3E-4A6D-A35D-43E3A0A5DF2D}.Debug|x86.Build.0 = Debug|Win32
		{5BEF9247-8E3E-4A6D-A35D-43E3A0A5DF2D}.Release|x64.ActiveCfg = Release|x64
		{5BEF9247-8E3E-4A6D-A35D-43E3A0A5DF2D}.Release|x64.Build.0 = Release|x64
		{5BEF9247-8E3E-4A6D-A35D-43E3A0A5DF2D}.Release|x86.ActiveCfg = Release|Win32
		{5BEF9247-8E3E-4A6D-A35D-43E3A0A5DF2D}.Release|x86.Build.0 = Release|Win32
	EndGlobalSection
	GlobalSection(SolutionProperties) = preSolution
		HideSolutionNode = FALSE
	EndGlobalSection
	GlobalSection(NestedProjects) = preSolution
		{79B078D6-12A3-4A31-936C-FB2FC4200250} = {3D8A673F-BCBE-4BA7-8F58-48FA4622AF31}
		{B16380AE-FFBD-41ED-8626-29A177CF6DE7} = {3D8A673F-BCBE-4BA7-8F58-48FA4622AF31}
		{2009207F-3DE6-4AA1-B33A-33CEA2740B4D} = {3D8A673F-BCBE-4BA7-8F58-48FA4622AF31}
		{F0815934-52D1-4350-9B0F-9C190A2C9689} = {E2D382E4-3400-4198-B31D-7DBC098F08E3}
		{04C6E9D1-CF22-49CE-891D-C0822AC2AC29} = {E2D382E4-3400-4198-B31D-7DBC098F08E3}
		{759FC80F-2DCA-4385-994D-B1E44576C0B1} = {E2D382E4-3400-4198-B31D-7DBC098F08E3}
		{BEFF54D7-1BD0-4051-A028-82FC1CE9692C} = {E2D382E4-3400-4198-B31D-7DBC098F08E3}
		{BE96EFC3-A5BD-48AC-9579-DD37B0E0B2F8} = {E2D382E4-3400-4198-B31D-7DBC098F08E3}
		{8870C92D-E087-40B6-8057-BE26DFC03AC9} = {E2D382E4-3400-4198-B31D-7DBC098F08E3}
		{D106AC4C-BA6B-46D8-907A-A45A7D85D555} = {E2D382E4-3400-4198-B31D-7DBC098F08E3}
		{3FF932CA-BFCF-4957-87DC-9C8C6EB700A3} = {2D6310B1-A195-40AF-BD03-1B08DD408003}
		{63D5497B-CD49-4D06-AC8E-132C8195CC67} = {2D6310B1-A195-40AF-BD03-1B08DD408003}
		{4B20DA9F-545E-4168-91A2-78DA70C97AF6} = {2D6310B1-A195-40AF-BD03-1B08DD408003}
		{06CCDE0A-BA46-4B91-A81E-EB77C367567A} = {2D6310B1-A195-40AF-BD03-1B08DD408003}
		{9D01D2B6-EFE7-4D07-A2D3-9D9D76715663} = {2D6310B1-A195-40AF-BD03-1B08DD408003}
		{137DD123-7D4B-439E-BB64-B74D3DCBB81C} = {2D6310B1-A195-40AF-BD03-1B08DD408003}
		{D106FF7E-1AE8-4F05-8337-E28569BE55A2} = {2D6310B1-A195-40AF-BD03-1B08DD408003}
		{809FB2EB-84FE-43A2-8DC1-5F3C24839771} = {2D6310B1-A195-40AF-BD03-1B08DD408003}
		{E69DF5D3-5FEB-4395-AA44-AB4F4E27F247} = {51F3F115-26C5-4303-BD00-2989D8591E1E}
		{F999D040-3322-46C6-ABE5-17685B89302C} = {51F3F115-26C5-4303-BD00-2989D8591E1E}
		{F195FD0E-8CC1-4CA9-9F1A-C05C1AC17A6C} = {51F3F115-26C5-4303-BD00-2989D8591E1E}
		{81CAF206-7812-421D-B9C5-FEF09A49B507} = {51F3F115-26C5-4303-BD00-2989D8591E1E}
		{4D4126AA-DE6E-403D-928B-37F10DE95F62} = {451B8534-DE95-4D93-8C57-90E5531B35BA}
		{5FF67B3A-EC0A-44FE-851A-515CC263ADD8} = {1B224BFF-3D33-4DA1-A476-06CCEB4B9C05}
		{9E9BF26D-46AA-4D6A-AD3A-1173A3F38B34} = {1DA11A5A-6FA2-4205-A898-F6304B81BB6D}
		{37F29A7A-A8A6-426B-A157-4457183483B1} = {1DA11A5A-6FA2-4205-A898-F6304B81BB6D}
		{9B4BCDBD-449B-4BCD-8545-86460109E2A7} = {1DA11A5A-6FA2-4205-A898-F6304B81BB6D}
		{DE79CDEC-5E29-4169-9473-63D3FFE80AF8} = {26F71B39-7F69-4A08-8FDD-422191186B35}
		{F8B51E80-160F-4198-99E1-07712D70A8CC} = {26F71B39-7F69-4A08-8FDD-422191186B35}
		{5BEF9247-8E3E-4A6D-A35D-43E3A0A5DF2D} = {26F71B39-7F69-4A08-8FDD-422191186B35}
	EndGlobalSection
EndGlobal
