
Microsoft Visual Studio Solution File, Format Version 12.00
# Visual Studio 14
VisualStudioVersion = 14.0.25123.0
MinimumVisualStudioVersion = 10.0.40219.1
Project("{2150E333-8FDC-42A3-9474-1A3956D46DE8}") = "LV1", "LV1", "{3D8A673F-BCBE-4BA7-8F58-48FA4622AF31}"
EndProject
Project("{8BC9CEB8-8B4A-11D0-8D11-00A0C91BC942}") = "1_AboutMe", "LV1\1_AboutMe\1_AboutMe.vcxproj", "{79B078D6-12A3-4A31-936C-FB2FC4200250}"
EndProject
Project("{8BC9CEB8-8B4A-11D0-8D11-00A0C91BC942}") = "2_RectAU", "LV1\2_RectAU\2_RectAU.vcxproj", "{B16380AE-FFBD-41ED-8626-29A177CF6DE7}"
EndProject
Project("{8BC9CEB8-8B4A-11D0-8D11-00A0C91BC942}") = "3_SieveOfErastosthenes", "LV1\3_SieveOfErastosthenes\3_SieveOfErastosthenes.vcxproj", "{2009207F-3DE6-4AA1-B33A-33CEA2740B4D}"
EndProject
Project("{2150E333-8FDC-42A3-9474-1A3956D46DE8}") = "LV2", "LV2", "{E2D382E4-3400-4198-B31D-7DBC098F08E3}"
EndProject
Project("{8BC9CEB8-8B4A-11D0-8D11-00A0C91BC942}") = "1_Gehalt", "LV2\1_Gehalt\1_Gehalt.vcxproj", "{F0815934-52D1-4350-9B0F-9C190A2C9689}"
EndProject
Project("{8BC9CEB8-8B4A-11D0-8D11-00A0C91BC942}") = "4_RewriteProgramm", "LV2\4_RewriteProgramm\4_RewriteProgramm.vcxproj", "{04C6E9D1-CF22-49CE-891D-C0822AC2AC29}"
EndProject
Project("{8BC9CEB8-8B4A-11D0-8D11-00A0C91BC942}") = "2_BMI", "LV2\2_BMI\2_BMI.vcxproj", "{759FC80F-2DCA-4385-994D-B1E44576C0B1}"
EndProject
Project("{8BC9CEB8-8B4A-11D0-8D11-00A0C91BC942}") = "3_GQuadrant", "LV2\3_GQuadrant\3_GQuadrant.vcxproj", "{BEFF54D7-1BD0-4051-A028-82FC1CE9692C}"
EndProject
Project("{8BC9CEB8-8B4A-11D0-8D11-00A0C91BC942}") = "5_GPow", "LV2\5_GPow\5_GPow.vcxproj", "{BE96EFC3-A5BD-48AC-9579-DD37B0E0B2F8}"
EndProject
Project("{8BC9CEB8-8B4A-11D0-8D11-00A0C91BC942}") = "6_Quersumme", "LV2\6_Quersumme\6_Quersumme.vcxproj", "{8870C92D-E087-40B6-8057-BE26DFC03AC9}"
EndProject
Global
	GlobalSection(SolutionConfigurationPlatforms) = preSolution
		Debug|x64 = Debug|x64
		Debug|x86 = Debug|x86
		Release|x64 = Release|x64
		Release|x86 = Release|x86
	EndGlobalSection
	GlobalSection(ProjectConfigurationPlatforms) = postSolution
		{79B078D6-12A3-4A31-936C-FB2FC4200250}.Debug|x64.ActiveCfg = Debug|x64
		{79B078D6-12A3-4A31-936C-FB2FC4200250}.Debug|x64.Build.0 = Debug|x64
		{79B078D6-12A3-4A31-936C-FB2FC4200250}.Debug|x86.ActiveCfg = Debug|Win32
		{79B078D6-12A3-4A31-936C-FB2FC4200250}.Debug|x86.Build.0 = Debug|Win32
		{79B078D6-12A3-4A31-936C-FB2FC4200250}.Release|x64.ActiveCfg = Release|x64
		{79B078D6-12A3-4A31-936C-FB2FC4200250}.Release|x64.Build.0 = Release|x64
		{79B078D6-12A3-4A31-936C-FB2FC4200250}.Release|x86.ActiveCfg = Release|Win32
		{79B078D6-12A3-4A31-936C-FB2FC4200250}.Release|x86.Build.0 = Release|Win32
		{B16380AE-FFBD-41ED-8626-29A177CF6DE7}.Debug|x64.ActiveCfg = Debug|x64
		{B16380AE-FFBD-41ED-8626-29A177CF6DE7}.Debug|x64.Build.0 = Debug|x64
		{B16380AE-FFBD-41ED-8626-29A177CF6DE7}.Debug|x86.ActiveCfg = Debug|Win32
		{B16380AE-FFBD-41ED-8626-29A177CF6DE7}.Debug|x86.Build.0 = Debug|Win32
		{B16380AE-FFBD-41ED-8626-29A177CF6DE7}.Release|x64.ActiveCfg = Release|x64
		{B16380AE-FFBD-41ED-8626-29A177CF6DE7}.Release|x64.Build.0 = Release|x64
		{B16380AE-FFBD-41ED-8626-29A177CF6DE7}.Release|x86.ActiveCfg = Release|Win32
		{B16380AE-FFBD-41ED-8626-29A177CF6DE7}.Release|x86.Build.0 = Release|Win32
		{2009207F-3DE6-4AA1-B33A-33CEA2740B4D}.Debug|x64.ActiveCfg = Debug|x64
		{2009207F-3DE6-4AA1-B33A-33CEA2740B4D}.Debug|x64.Build.0 = Debug|x64
		{2009207F-3DE6-4AA1-B33A-33CEA2740B4D}.Debug|x86.ActiveCfg = Debug|Win32
		{2009207F-3DE6-4AA1-B33A-33CEA2740B4D}.Debug|x86.Build.0 = Debug|Win32
		{2009207F-3DE6-4AA1-B33A-33CEA2740B4D}.Release|x64.ActiveCfg = Release|x64
		{2009207F-3DE6-4AA1-B33A-33CEA2740B4D}.Release|x64.Build.0 = Release|x64
		{2009207F-3DE6-4AA1-B33A-33CEA2740B4D}.Release|x86.ActiveCfg = Release|Win32
		{2009207F-3DE6-4AA1-B33A-33CEA2740B4D}.Release|x86.Build.0 = Release|Win32
		{F0815934-52D1-4350-9B0F-9C190A2C9689}.Debug|x64.ActiveCfg = Debug|x64
		{F0815934-52D1-4350-9B0F-9C190A2C9689}.Debug|x64.Build.0 = Debug|x64
		{F0815934-52D1-4350-9B0F-9C190A2C9689}.Debug|x86.ActiveCfg = Debug|Win32
		{F0815934-52D1-4350-9B0F-9C190A2C9689}.Debug|x86.Build.0 = Debug|Win32
		{F0815934-52D1-4350-9B0F-9C190A2C9689}.Release|x64.ActiveCfg = Release|x64
		{F0815934-52D1-4350-9B0F-9C190A2C9689}.Release|x64.Build.0 = Release|x64
		{F0815934-52D1-4350-9B0F-9C190A2C9689}.Release|x86.ActiveCfg = Release|Win32
		{F0815934-52D1-4350-9B0F-9C190A2C9689}.Release|x86.Build.0 = Release|Win32
		{04C6E9D1-CF22-49CE-891D-C0822AC2AC29}.Debug|x64.ActiveCfg = Debug|x64
		{04C6E9D1-CF22-49CE-891D-C0822AC2AC29}.Debug|x64.Build.0 = Debug|x64
		{04C6E9D1-CF22-49CE-891D-C0822AC2AC29}.Debug|x86.ActiveCfg = Debug|Win32
		{04C6E9D1-CF22-49CE-891D-C0822AC2AC29}.Debug|x86.Build.0 = Debug|Win32
		{04C6E9D1-CF22-49CE-891D-C0822AC2AC29}.Release|x64.ActiveCfg = Release|x64
		{04C6E9D1-CF22-49CE-891D-C0822AC2AC29}.Release|x64.Build.0 = Release|x64
		{04C6E9D1-CF22-49CE-891D-C0822AC2AC29}.Release|x86.ActiveCfg = Release|Win32
		{04C6E9D1-CF22-49CE-891D-C0822AC2AC29}.Release|x86.Build.0 = Release|Win32
		{759FC80F-2DCA-4385-994D-B1E44576C0B1}.Debug|x64.ActiveCfg = Debug|x64
		{759FC80F-2DCA-4385-994D-B1E44576C0B1}.Debug|x64.Build.0 = Debug|x64
		{759FC80F-2DCA-4385-994D-B1E44576C0B1}.Debug|x86.ActiveCfg = Debug|Win32
		{759FC80F-2DCA-4385-994D-B1E44576C0B1}.Debug|x86.Build.0 = Debug|Win32
		{759FC80F-2DCA-4385-994D-B1E44576C0B1}.Release|x64.ActiveCfg = Release|x64
		{759FC80F-2DCA-4385-994D-B1E44576C0B1}.Release|x64.Build.0 = Release|x64
		{759FC80F-2DCA-4385-994D-B1E44576C0B1}.Release|x86.ActiveCfg = Release|Win32
		{759FC80F-2DCA-4385-994D-B1E44576C0B1}.Release|x86.Build.0 = Release|Win32
		{BEFF54D7-1BD0-4051-A028-82FC1CE9692C}.Debug|x64.ActiveCfg = Debug|x64
		{BEFF54D7-1BD0-4051-A028-82FC1CE9692C}.Debug|x64.Build.0 = Debug|x64
		{BEFF54D7-1BD0-4051-A028-82FC1CE9692C}.Debug|x86.ActiveCfg = Debug|Win32
		{BEFF54D7-1BD0-4051-A028-82FC1CE9692C}.Debug|x86.Build.0 = Debug|Win32
		{BEFF54D7-1BD0-4051-A028-82FC1CE9692C}.Release|x64.ActiveCfg = Release|x64
		{BEFF54D7-1BD0-4051-A028-82FC1CE9692C}.Release|x64.Build.0 = Release|x64
		{BEFF54D7-1BD0-4051-A028-82FC1CE9692C}.Release|x86.ActiveCfg = Release|Win32
		{BEFF54D7-1BD0-4051-A028-82FC1CE9692C}.Release|x86.Build.0 = Release|Win32
		{BE96EFC3-A5BD-48AC-9579-DD37B0E0B2F8}.Debug|x64.ActiveCfg = Debug|x64
		{BE96EFC3-A5BD-48AC-9579-DD37B0E0B2F8}.Debug|x64.Build.0 = Debug|x64
		{BE96EFC3-A5BD-48AC-9579-DD37B0E0B2F8}.Debug|x86.ActiveCfg = Debug|Win32
		{BE96EFC3-A5BD-48AC-9579-DD37B0E0B2F8}.Debug|x86.Build.0 = Debug|Win32
		{BE96EFC3-A5BD-48AC-9579-DD37B0E0B2F8}.Release|x64.ActiveCfg = Release|x64
		{BE96EFC3-A5BD-48AC-9579-DD37B0E0B2F8}.Release|x64.Build.0 = Release|x64
		{BE96EFC3-A5BD-48AC-9579-DD37B0E0B2F8}.Release|x86.ActiveCfg = Release|Win32
		{BE96EFC3-A5BD-48AC-9579-DD37B0E0B2F8}.Release|x86.Build.0 = Release|Win32
		{8870C92D-E087-40B6-8057-BE26DFC03AC9}.Debug|x64.ActiveCfg = Debug|x64
		{8870C92D-E087-40B6-8057-BE26DFC03AC9}.Debug|x64.Build.0 = Debug|x64
		{8870C92D-E087-40B6-8057-BE26DFC03AC9}.Debug|x86.ActiveCfg = Debug|Win32
		{8870C92D-E087-40B6-8057-BE26DFC03AC9}.Debug|x86.Build.0 = Debug|Win32
		{8870C92D-E087-40B6-8057-BE26DFC03AC9}.Release|x64.ActiveCfg = Release|x64
		{8870C92D-E087-40B6-8057-BE26DFC03AC9}.Release|x64.Build.0 = Release|x64
		{8870C92D-E087-40B6-8057-BE26DFC03AC9}.Release|x86.ActiveCfg = Release|Win32
		{8870C92D-E087-40B6-8057-BE26DFC03AC9}.Release|x86.Build.0 = Release|Win32
	EndGlobalSection
	GlobalSection(SolutionProperties) = preSolution
		HideSolutionNode = FALSE
	EndGlobalSection
	GlobalSection(NestedProjects) = preSolution
		{79B078D6-12A3-4A31-936C-FB2FC4200250} = {3D8A673F-BCBE-4BA7-8F58-48FA4622AF31}
		{B16380AE-FFBD-41ED-8626-29A177CF6DE7} = {3D8A673F-BCBE-4BA7-8F58-48FA4622AF31}
		{2009207F-3DE6-4AA1-B33A-33CEA2740B4D} = {3D8A673F-BCBE-4BA7-8F58-48FA4622AF31}
		{F0815934-52D1-4350-9B0F-9C190A2C9689} = {E2D382E4-3400-4198-B31D-7DBC098F08E3}
		{04C6E9D1-CF22-49CE-891D-C0822AC2AC29} = {E2D382E4-3400-4198-B31D-7DBC098F08E3}
		{759FC80F-2DCA-4385-994D-B1E44576C0B1} = {E2D382E4-3400-4198-B31D-7DBC098F08E3}
		{BEFF54D7-1BD0-4051-A028-82FC1CE9692C} = {E2D382E4-3400-4198-B31D-7DBC098F08E3}
		{BE96EFC3-A5BD-48AC-9579-DD37B0E0B2F8} = {E2D382E4-3400-4198-B31D-7DBC098F08E3}
		{8870C92D-E087-40B6-8057-BE26DFC03AC9} = {E2D382E4-3400-4198-B31D-7DBC098F08E3}
	EndGlobalSection
EndGlobal
